
Microsoft Visual Studio Solution File, Format Version 12.00
# Visual Studio Version 17
VisualStudioVersion = 17.10.35122.118
MinimumVisualStudioVersion = 10.0.40219.1
Project("{FAE04EC0-301F-11D3-BF4B-00C04F79EFBC}") = "QLVPP_Project", "QLVPP_Project\QLVPP_Project.csproj", "{9308B895-A43D-4273-B574-1544C9C1E606}"
EndProject
Global
	GlobalSection(SolutionConfigurationPlatforms) = preSolution
		Debug|Any CPU = Debug|Any CPU
		Release|Any CPU = Release|Any CPU
	EndGlobalSection
	GlobalSection(ProjectConfigurationPlatforms) = postSolution
		{9308B895-A43D-4273-B574-1544C9C1E606}.Debug|Any CPU.ActiveCfg = Debug|Any CPU
		{9308B895-A43D-4273-B574-1544C9C1E606}.Debug|Any CPU.Build.0 = Debug|Any CPU
		{9308B895-A43D-4273-B574-1544C9C1E606}.Release|Any CPU.ActiveCfg = Release|Any CPU
		{9308B895-A43D-4273-B574-1544C9C1E606}.Release|Any CPU.Build.0 = Release|Any CPU
	EndGlobalSection
	GlobalSection(SolutionProperties) = preSolution
		HideSolutionNode = FALSE
	EndGlobalSection
	GlobalSection(ExtensibilityGlobals) = postSolution
		SolutionGuid = {4B75B2DE-E61A-43F3-BF2B-D88F9813603D}
	EndGlobalSection
EndGlobal
